Microsoft Visual Studio Solution File, Format Version 12.00
# Visual Studio Version 18
VisualStudioVersion = 18.10.12217.157 stable
MinimumVisualStudioVersion = 10.0.40219.1
Project("{FAE04EC0-301F-11D3-BF4B-00C04F79EFBC}") = "QaPlaywrightPortfolio.Tests", "QaPlaywrightPortfolio.Tests\QaPlaywrightPortfolio.Tests.csproj", "{C123F2E6-13F5-4D7B-9989-1C366430146B}"
EndProject
Project("{2150E333-8FDC-42A3-9474-1A3956D46DE8}") = "Repository Files", "Repository Files", "{C5768505-080F-49C6-80F8-119BE99A903B}"
	ProjectSection(SolutionItems) = preProject
		.editorconfig = .editorconfig
		.gitattributes = .gitattributes
		README.md = README.md
	EndProjectSection
EndProject
Global
	GlobalSection(SolutionConfigurationPlatforms) = preSolution
		Debug|Any CPU = Debug|Any CPU
		Release|Any CPU = Release|Any CPU
	EndGlobalSection
	GlobalSection(ProjectConfigurationPlatforms) = postSolution
		{C123F2E6-13F5-4D7B-9989-1C366430146B}.Debug|Any CPU.ActiveCfg = Debug|Any CPU
		{C123F2E6-13F5-4D7B-9989-1C366430146B}.Debug|Any CPU.Build.0 = Debug|Any CPU
		{C123F2E6-13F5-4D7B-9989-1C366430146B}.Release|Any CPU.ActiveCfg = Release|Any CPU
		{C123F2E6-13F5-4D7B-9989-1C366430146B}.Release|Any CPU.Build.0 = Release|Any CPU
	EndGlobalSection
	GlobalSection(SolutionProperties) = preSolution
		HideSolutionNode = FALSE
	EndGlobalSection
	GlobalSection(ExtensibilityGlobals) = postSolution
		SolutionGuid = {882F7203-E244-4785-9078-B7ED6F0BB4DB}
	EndGlobalSection
EndGlobal
